dependencies:
  idf:
    source:
      type: idf
    version: 5.5.1
  lvgl/lvgl:
    component_hash: d7c1ac037ae6e85d94897f807d6e7ba0946a83e720074fc95a4f6241da9f9f53
    dependencies: []
    source:
      registry_url: https://components.espressif.com/
      type: service
    version: 8.4.0
direct_dependencies:
- idf
- lvgl/lvgl
manifest_hash: cea9f8b7de372b35ae8f9108a5204d291bcea76edb4932f7e5995a7dbc4658e1
target: esp32s3
version: 2.0.0
